
Microsoft Visual Studio Solution File, Format Version 12.00
Project("{FAE04EC0-301F-11D3-BF4B-00C04F79EFBC}") = "backend", "backend\backend.csproj", "{B295A412-60E5-4B70-B6DE-1F30808BEBCC}"
EndProject
Global
	GlobalSection(SolutionConfigurationPlatforms) = preSolution
		Debug|Any CPU = Debug|Any CPU
		Release|Any CPU = Release|Any CPU
	EndGlobalSection
	GlobalSection(ProjectConfigurationPlatforms) = postSolution
		{B295A412-60E5-4B70-B6DE-1F30808BEBCC}.Debug|Any CPU.ActiveCfg = Debug|Any CPU
		{B295A412-60E5-4B70-B6DE-1F30808BEBCC}.Debug|Any CPU.Build.0 = Debug|Any CPU
		{B295A412-60E5-4B70-B6DE-1F30808BEBCC}.Release|Any CPU.ActiveCfg = Release|Any CPU
		{B295A412-60E5-4B70-B6DE-1F30808BEBCC}.Release|Any CPU.Build.0 = Release|Any CPU
	EndGlobalSection
EndGlobal
